
Microsoft Visual Studio Solution File, Format Version 12.00
# Visual Studio 14
VisualStudioVersion = 14.0.25420.1
MinimumVisualStudioVersion = 10.0.40219.1
Project("{2150E333-8FDC-42A3-9474-1A3956D46DE8}") = "Web", "Web", "{D69146C5-E1FC-417C-B12B-F271D1C2F48E}"
EndProject
Project("{FAE04EC0-301F-11D3-BF4B-00C04F79EFBC}") = "Gura.Api", "Gura.Api\Gura.Api.csproj", "{9F4696CC-9E11-4474-AC95-EBF01D5702F8}"
EndProject
Project("{FAE04EC0-301F-11D3-BF4B-00C04F79EFBC}") = "Gura.BL", "Gura.BL\Gura.BL.csproj", "{2AE0CC3B-1433-489E-8C58-D915C368E19A}"
EndProject
Project("{FAE04EC0-301F-11D3-BF4B-00C04F79EFBC}") = "Gura.Dal", "Gura.Dal\Gura.Dal.csproj", "{E1738991-D76F-478E-B80F-DBD3789410B2}"
EndProject
Project("{FAE04EC0-301F-11D3-BF4B-00C04F79EFBC}") = "Gura.Interfaces", "Gura.Interfaces\Gura.Interfaces.csproj", "{DBAF7816-08F5-4A59-BEAE-5F2509BF61F5}"
EndProject
Project("{FAE04EC0-301F-11D3-BF4B-00C04F79EFBC}") = "Gura.Models", "Gura.Models\Gura.Models.csproj", "{D3A21031-C8AB-4616-998F-30CB80982B6D}"
EndProject
Global
	GlobalSection(SolutionConfigurationPlatforms) = preSolution
		Debug|Any CPU = Debug|Any CPU
		Release|Any CPU = Release|Any CPU
	EndGlobalSection
	GlobalSection(ProjectConfigurationPlatforms) = postSolution
		{9F4696CC-9E11-4474-AC95-EBF01D5702F8}.Debug|Any CPU.ActiveCfg = Debug|Any CPU
		{9F4696CC-9E11-4474-AC95-EBF01D5702F8}.Debug|Any CPU.Build.0 = Debug|Any CPU
		{9F4696CC-9E11-4474-AC95-EBF01D5702F8}.Release|Any CPU.ActiveCfg = Release|Any CPU
		{9F4696CC-9E11-4474-AC95-EBF01D5702F8}.Release|Any CPU.Build.0 = Release|Any CPU
		{2AE0CC3B-1433-489E-8C58-D915C368E19A}.Debug|Any CPU.ActiveCfg = Debug|Any CPU
		{2AE0CC3B-1433-489E-8C58-D915C368E19A}.Debug|Any CPU.Build.0 = Debug|Any CPU
		{2AE0CC3B-1433-489E-8C58-D915C368E19A}.Release|Any CPU.ActiveCfg = Release|Any CPU
		{2AE0CC3B-1433-489E-8C58-D915C368E19A}.Release|Any CPU.Build.0 = Release|Any CPU
		{E1738991-D76F-478E-B80F-DBD3789410B2}.Debug|Any CPU.ActiveCfg = Debug|Any CPU
		{E1738991-D76F-478E-B80F-DBD3789410B2}.Debug|Any CPU.Build.0 = Debug|Any CPU
		{E1738991-D76F-478E-B80F-DBD3789410B2}.Release|Any CPU.ActiveCfg = Release|Any CPU
		{E1738991-D76F-478E-B80F-DBD3789410B2}.Release|Any CPU.Build.0 = Release|Any CPU
		{DBAF7816-08F5-4A59-BEAE-5F2509BF61F5}.Debug|Any CPU.ActiveCfg = Debug|Any CPU
		{DBAF7816-08F5-4A59-BEAE-5F2509BF61F5}.Debug|Any CPU.Build.0 = Debug|Any CPU
		{DBAF7816-08F5-4A59-BEAE-5F2509BF61F5}.Release|Any CPU.ActiveCfg = Release|Any CPU
		{DBAF7816-08F5-4A59-BEAE-5F2509BF61F5}.Release|Any CPU.Build.0 = Release|Any CPU
		{D3A21031-C8AB-4616-998F-30CB80982B6D}.Debug|Any CPU.ActiveCfg = Debug|Any CPU
		{D3A21031-C8AB-4616-998F-30CB80982B6D}.Debug|Any CPU.Build.0 = Debug|Any CPU
		{D3A21031-C8AB-4616-998F-30CB80982B6D}.Release|Any CPU.ActiveCfg = Release|Any CPU
		{D3A21031-C8AB-4616-998F-30CB80982B6D}.Release|Any CPU.Build.0 = Release|Any CPU
	EndGlobalSection
	GlobalSection(SolutionProperties) = preSolution
		HideSolutionNode = FALSE
	EndGlobalSection
	GlobalSection(NestedProjects) = preSolution
		{9F4696CC-9E11-4474-AC95-EBF01D5702F8} = {D69146C5-E1FC-417C-B12B-F271D1C2F48E}
	EndGlobalSection
EndGlobal
